
Microsoft Visual Studio Solution File, Format Version 12.00
# Visual Studio Version 17
VisualStudioVersion = 17.3.32929.385
MinimumVisualStudioVersion = 10.0.40219.1
Project("{FAE04EC0-301F-11D3-BF4B-00C04F79EFBC}") = "Generator", "Generator.csproj", "{AAFAD30E-22DD-4C8A-A3E6-97BD78599D09}"
EndProject
Global
	GlobalSection(SolutionConfigurationPlatforms) = preSolution
		Debug|Any CPU = Debug|Any CPU
		Release|Any CPU = Release|Any CPU
	EndGlobalSection
	GlobalSection(ProjectConfigurationPlatforms) = postSolution
		{AAFAD30E-22DD-4C8A-A3E6-97BD78599D09}.Debug|Any CPU.ActiveCfg = Debug|Any CPU
		{AAFAD30E-22DD-4C8A-A3E6-97BD78599D09}.Debug|Any CPU.Build.0 = Debug|Any CPU
		{AAFAD30E-22DD-4C8A-A3E6-97BD78599D09}.Release|Any CPU.ActiveCfg = Release|Any CPU
		{AAFAD30E-22DD-4C8A-A3E6-97BD78599D09}.Release|Any CPU.Build.0 = Release|Any CPU
	EndGlobalSection
	GlobalSection(SolutionProperties) = preSolution
		HideSolutionNode = FALSE
	EndGlobalSection
	GlobalSection(ExtensibilityGlobals) = postSolution
		SolutionGuid = {7B45B6F4-0B38-458E-9FED-16CC0416371E}
	EndGlobalSection
EndGlobal
